# THIS IS AN AUTOGENERATED FILE. DO NOT EDIT THIS FILE DIRECTLY.
# yarn lockfile v1


animate.css@^3.7.0:
  version "3.7.0"
  resolved "https://registry.yarnpkg.com/animate.css/-/animate.css-3.7.0.tgz#5de25d1ee5fba11ba6a1e2c4fa568f512eb7d4da"
  integrity sha512-u3iMXDJr0cxMdQocIciDiou9Au4L5f9uT+/jCtprw3s1j3HcfCuI+khF+90Ps2KdsEhM2soF7SXB4WUvI3HlXg==

commander@~1.1.1:
  version "1.1.1"
  resolved "https://registry.yarnpkg.com/commander/-/commander-1.1.1.tgz#50d1651868ae60eccff0a2d9f34595376bc6b041"
  integrity sha1-UNFlGGiuYOzP8KLZ80WVN2vGsEE=
  dependencies:
    keypress "0.1.x"

jquery@^3.3.1:
  version "3.3.1"
  resolved "https://registry.yarnpkg.com/jquery/-/jquery-3.3.1.tgz#958ce29e81c9790f31be7792df5d4d95fc57fbca"
  integrity sha512-Ubldcmxp5np52/ENotGxlLe6aGMvmF4R8S6tZjsP6Knsaxd/xp3Zrh50cG93lR6nPXyUFwzN3ZSOQI0wRJNdGg==

js@^0.1.0:
  version "0.1.0"
  resolved "https://registry.yarnpkg.com/js/-/js-0.1.0.tgz#e1d0afd55ea39c2b28da304e8143eaf2c133f366"
  integrity sha1-4dCv1V6jnCso2jBOgUPq8sEz82Y=
  dependencies:
    commander "~1.1.1"

keypress@0.1.x:
  version "0.1.0"
  resolved "https://registry.yarnpkg.com/keypress/-/keypress-0.1.0.tgz#4a3188d4291b66b4f65edb99f806aa9ae293592a"
  integrity sha1-SjGI1CkbZrT2XtuZ+AaqmuKTWSo=
